{
  "version": 4,
  "terraform_version": "1.6.4",
  "serial": 16,
  "lineage": "fe607021-ed1d-1eba-2e00-2e4770bb4e39",
  "outputs": {},
  "resources": [
    {
      "mode": "data",
      "type": "google_firebase_web_app_config",
      "name": "example",
      "provider": "provider[\"registry.terraform.io/hashicorp/google-beta\"]",
      "instances": [
        {
          "schema_version": 0,
          "attributes": {
            "api_key": "AIzaSyB35Npm6Ipdw9EEyvevcaQikolEb_je4bA",
            "auth_domain": "sample-firebase-ai-app-9e3ac.firebaseapp.com",
            "database_url": "",
            "id": "1:727390682086:web:1c2821d5cc497afb6cf427",
            "location_id": "",
            "measurement_id": "",
            "messaging_sender_id": "727390682086",
            "project": "sample-firebase-ai-app-9e3ac",
            "storage_bucket": "sample-firebase-ai-app-9e3ac.appspot.com",
            "web_app_id": "1:727390682086:web:1c2821d5cc497afb6cf427"
          },
          "sensitive_attributes": []
        }
      ]
    },
    {
      "mode": "data",
      "type": "google_project",
      "name": "project",
      "provider": "provider[\"registry.terraform.io/hashicorp/google-beta\"]",
      "instances": [
        {
          "schema_version": 0,
          "attributes": {
            "auto_create_network": null,
            "billing_account": null,
            "deletion_policy": "DELETE",
            "effective_labels": {
              "firebase": "enabled"
            },
            "folder_id": null,
            "id": "projects/sample-firebase-ai-app-9e3ac",
            "labels": {
              "firebase": "enabled"
            },
            "name": "Sample Firebase AI App",
            "number": "727390682086",
            "org_id": null,
            "project_id": "sample-firebase-ai-app-9e3ac",
            "skip_delete": null,
            "terraform_labels": {
              "firebase": "enabled"
            }
          },
          "sensitive_attributes": []
        }
      ]
    },
    {
      "mode": "managed",
      "type": "google_apikeys_key",
      "name": "generativelanguage",
      "provider": "provider[\"registry.terraform.io/hashicorp/google-beta\"]",
      "instances": [
        {
          "schema_version": 0,
          "attributes": {
            "display_name": "Gemini API Key",
            "id": "projects/sample-firebase-ai-app-9e3ac/locations/global/keys/gemini-api-key",
            "key_string": "AIzaSyBtl1xew9RJEFubCdAjGA2L_8uJDI-uFOc",
            "name": "gemini-api-key",
            "project": "sample-firebase-ai-app-9e3ac",
            "restrictions": [
              {
                "android_key_restrictions": [],
                "api_targets": [
                  {
                    "methods": null,
                    "service": "generativelanguage.googleapis.com"
                  }
                ],
                "browser_key_restrictions": [
                  {
                    "allowed_referrers": [
                      "*"
                    ]
                  }
                ],
                "ios_key_restrictions": [],
                "server_key_restrictions": []
              }
            ],
            "timeouts": null,
            "uid": "1fc126ca-930a-4249-9d88-8f8282cc0cea"
          },
          "sensitive_attributes": [],
          "private": "eyJlMmJmYjczMC1lY2FhLTExZTYtOGY4OC0zNDM2M2JjN2M0YzAiOnsiY3JlYXRlIjoxMjAwMDAwMDAwMDAwLCJkZWxldGUiOjEyMDAwMDAwMDAwMDAsInVwZGF0ZSI6MTIwMDAwMDAwMDAwMH19",
          "dependencies": [
            "google_project_service.services"
          ]
        }
      ]
    },
    {
      "mode": "managed",
      "type": "google_firebase_web_app",
      "name": "example",
      "provider": "provider[\"registry.terraform.io/hashicorp/google-beta\"]",
      "instances": [
        {
          "schema_version": 0,
          "attributes": {
            "api_key_id": "f16550ff-0679-4b66-af63-e57f1e3443cf",
            "app_id": "1:727390682086:web:1c2821d5cc497afb6cf427",
            "app_urls": [],
            "deletion_policy": "DELETE",
            "display_name": "Make It So AI!",
            "id": "projects/sample-firebase-ai-app-9e3ac/webApps/1:727390682086:web:1c2821d5cc497afb6cf427",
            "name": "projects/sample-firebase-ai-app-9e3ac/webApps/1:727390682086:web:1c2821d5cc497afb6cf427",
            "project": "sample-firebase-ai-app-9e3ac",
            "timeouts": null
          },
          "sensitive_attributes": [],
          "private": "eyJlMmJmYjczMC1lY2FhLTExZTYtOGY4OC0zNDM2M2JjN2M0YzAiOnsiY3JlYXRlIjoxMjAwMDAwMDAwMDAwLCJkZWxldGUiOjEyMDAwMDAwMDAwMDAsInVwZGF0ZSI6MTIwMDAwMDAwMDAwMH19"
        }
      ]
    },
    {
      "mode": "managed",
      "type": "google_firebaserules_release",
      "name": "firestore",
      "provider": "provider[\"registry.terraform.io/hashicorp/google-beta\"]",
      "instances": [
        {
          "schema_version": 0,
          "attributes": {
            "create_time": "2024-10-26T17:34:59.610737Z",
            "disabled": false,
            "id": "projects/sample-firebase-ai-app-9e3ac/releases/cloud.firestore",
            "name": "cloud.firestore",
            "project": "sample-firebase-ai-app-9e3ac",
            "ruleset_name": "625b0e32-103f-4504-8101-9109c1a11568",
            "timeouts": null,
            "update_time": "2024-10-26T17:34:59.610737Z"
          },
          "sensitive_attributes": [],
          "private": "eyJlMmJmYjczMC1lY2FhLTExZTYtOGY4OC0zNDM2M2JjN2M0YzAiOnsiY3JlYXRlIjoxMjAwMDAwMDAwMDAwLCJkZWxldGUiOjEyMDAwMDAwMDAwMDB9fQ==",
          "dependencies": [
            "google_firebaserules_ruleset.firestore",
            "google_firestore_database.database",
            "google_project_service.services",
            "local_file.firestore_rules"
          ]
        }
      ]
    },
    {
      "mode": "managed",
      "type": "google_firebaserules_ruleset",
      "name": "firestore",
      "provider": "provider[\"registry.terraform.io/hashicorp/google-beta\"]",
      "instances": [
        {
          "schema_version": 0,
          "attributes": {
            "create_time": "2024-10-26T17:34:58.613591Z",
            "id": "projects/sample-firebase-ai-app-9e3ac/rulesets/625b0e32-103f-4504-8101-9109c1a11568",
            "metadata": [
              {
                "services": [
                  "cloud.firestore"
                ]
              }
            ],
            "name": "625b0e32-103f-4504-8101-9109c1a11568",
            "project": "sample-firebase-ai-app-9e3ac",
            "source": [
              {
                "files": [
                  {
                    "content": "service cloud.firestore {\n  match /databases/{database}/documents/{document=**} {\n    allow read, write: if request.auth != null \u0026\u0026 request.time \u003c timestamp.date(2024, 11, 25);\n  }\n}\n",
                    "fingerprint": "",
                    "name": "firestore.rules"
                  }
                ],
                "language": ""
              }
            ],
            "timeouts": null
          },
          "sensitive_attributes": [],
          "private": "eyJlMmJmYjczMC1lY2FhLTExZTYtOGY4OC0zNDM2M2JjN2M0YzAiOnsiY3JlYXRlIjoxMjAwMDAwMDAwMDAwLCJkZWxldGUiOjEyMDAwMDAwMDAwMDB9fQ==",
          "dependencies": [
            "google_firestore_database.database",
            "google_project_service.services",
            "local_file.firestore_rules"
          ]
        }
      ]
    },
    {
      "mode": "managed",
      "type": "google_firestore_database",
      "name": "database",
      "provider": "provider[\"registry.terraform.io/hashicorp/google-beta\"]",
      "instances": [
        {
          "schema_version": 0,
          "attributes": {
            "app_engine_integration_mode": "DISABLED",
            "cmek_config": [],
            "concurrency_mode": "PESSIMISTIC",
            "create_time": "",
            "delete_protection_state": "DELETE_PROTECTION_DISABLED",
            "deletion_policy": "ABANDON",
            "earliest_version_time": "2024-10-26T17:34:47.435143Z",
            "etag": "II7ytbzKrIkDMIe/n7fKrIkD",
            "id": "projects/sample-firebase-ai-app-9e3ac/databases/(default)",
            "key_prefix": "",
            "location_id": "nam5",
            "name": "(default)",
            "point_in_time_recovery_enablement": "POINT_IN_TIME_RECOVERY_DISABLED",
            "project": "sample-firebase-ai-app-9e3ac",
            "timeouts": null,
            "type": "FIRESTORE_NATIVE",
            "uid": "a3140264-cdf8-42a0-a529-9a9712a3cae1",
            "update_time": "",
            "version_retention_period": "3600s"
          },
          "sensitive_attributes": [],
          "private": "eyJlMmJmYjczMC1lY2FhLTExZTYtOGY4OC0zNDM2M2JjN2M0YzAiOnsiY3JlYXRlIjoxMjAwMDAwMDAwMDAwLCJkZWxldGUiOjEyMDAwMDAwMDAwMDAsInVwZGF0ZSI6MTIwMDAwMDAwMDAwMH19",
          "dependencies": [
            "google_project_service.services"
          ]
        }
      ]
    },
    {
      "mode": "managed",
      "type": "google_project_service",
      "name": "services",
      "provider": "provider[\"registry.terraform.io/hashicorp/google-beta\"]",
      "instances": [
        {
          "index_key": "apikeys.googleapis.com",
          "schema_version": 0,
          "attributes": {
            "check_if_service_has_usage_on_destroy": false,
            "disable_dependent_services": null,
            "disable_on_destroy": false,
            "id": "sample-firebase-ai-app-9e3ac/apikeys.googleapis.com",
            "project": "sample-firebase-ai-app-9e3ac",
            "service": "apikeys.googleapis.com",
            "timeouts": null
          },
          "sensitive_attributes": [],
          "private": "eyJlMmJmYjczMC1lY2FhLTExZTYtOGY4OC0zNDM2M2JjN2M0YzAiOnsiY3JlYXRlIjoxMjAwMDAwMDAwMDAwLCJkZWxldGUiOjEyMDAwMDAwMDAwMDAsInJlYWQiOjYwMDAwMDAwMDAwMCwidXBkYXRlIjoxMjAwMDAwMDAwMDAwfX0="
        },
        {
          "index_key": "firebaserules.googleapis.com",
          "schema_version": 0,
          "attributes": {
            "check_if_service_has_usage_on_destroy": false,
            "disable_dependent_services": null,
            "disable_on_destroy": false,
            "id": "sample-firebase-ai-app-9e3ac/firebaserules.googleapis.com",
            "project": "sample-firebase-ai-app-9e3ac",
            "service": "firebaserules.googleapis.com",
            "timeouts": null
          },
          "sensitive_attributes": [],
          "private": "eyJlMmJmYjczMC1lY2FhLTExZTYtOGY4OC0zNDM2M2JjN2M0YzAiOnsiY3JlYXRlIjoxMjAwMDAwMDAwMDAwLCJkZWxldGUiOjEyMDAwMDAwMDAwMDAsInJlYWQiOjYwMDAwMDAwMDAwMCwidXBkYXRlIjoxMjAwMDAwMDAwMDAwfX0="
        },
        {
          "index_key": "firestore.googleapis.com",
          "schema_version": 0,
          "attributes": {
            "check_if_service_has_usage_on_destroy": false,
            "disable_dependent_services": null,
            "disable_on_destroy": false,
            "id": "sample-firebase-ai-app-9e3ac/firestore.googleapis.com",
            "project": "sample-firebase-ai-app-9e3ac",
            "service": "firestore.googleapis.com",
            "timeouts": null
          },
          "sensitive_attributes": [],
          "private": "eyJlMmJmYjczMC1lY2FhLTExZTYtOGY4OC0zNDM2M2JjN2M0YzAiOnsiY3JlYXRlIjoxMjAwMDAwMDAwMDAwLCJkZWxldGUiOjEyMDAwMDAwMDAwMDAsInJlYWQiOjYwMDAwMDAwMDAwMCwidXBkYXRlIjoxMjAwMDAwMDAwMDAwfX0="
        },
        {
          "index_key": "generativelanguage.googleapis.com",
          "schema_version": 0,
          "attributes": {
            "check_if_service_has_usage_on_destroy": false,
            "disable_dependent_services": null,
            "disable_on_destroy": false,
            "id": "sample-firebase-ai-app-9e3ac/generativelanguage.googleapis.com",
            "project": "sample-firebase-ai-app-9e3ac",
            "service": "generativelanguage.googleapis.com",
            "timeouts": null
          },
          "sensitive_attributes": [],
          "private": "eyJlMmJmYjczMC1lY2FhLTExZTYtOGY4OC0zNDM2M2JjN2M0YzAiOnsiY3JlYXRlIjoxMjAwMDAwMDAwMDAwLCJkZWxldGUiOjEyMDAwMDAwMDAwMDAsInJlYWQiOjYwMDAwMDAwMDAwMCwidXBkYXRlIjoxMjAwMDAwMDAwMDAwfX0="
        },
        {
          "index_key": "serviceusage.googleapis.com",
          "schema_version": 0,
          "attributes": {
            "check_if_service_has_usage_on_destroy": false,
            "disable_dependent_services": null,
            "disable_on_destroy": false,
            "id": "sample-firebase-ai-app-9e3ac/serviceusage.googleapis.com",
            "project": "sample-firebase-ai-app-9e3ac",
            "service": "serviceusage.googleapis.com",
            "timeouts": null
          },
          "sensitive_attributes": [],
          "private": "eyJlMmJmYjczMC1lY2FhLTExZTYtOGY4OC0zNDM2M2JjN2M0YzAiOnsiY3JlYXRlIjoxMjAwMDAwMDAwMDAwLCJkZWxldGUiOjEyMDAwMDAwMDAwMDAsInJlYWQiOjYwMDAwMDAwMDAwMCwidXBkYXRlIjoxMjAwMDAwMDAwMDAwfX0="
        }
      ]
    },
    {
      "mode": "managed",
      "type": "google_service_usage_consumer_quota_override",
      "name": "generativelanguage",
      "provider": "provider[\"registry.terraform.io/hashicorp/google-beta\"]",
      "instances": [
        {
          "schema_version": 0,
          "attributes": {
            "dimensions": null,
            "force": true,
            "id": "projects/sample-firebase-ai-app-9e3ac/services/generativelanguage.googleapis.com/consumerQuotaMetrics/generativelanguage.googleapis.com%2Fgenerate_requests_per_model/limits/%2Fmin%2Fmodel%2Fproject/consumerOverrides/Cg1RdW90YU92ZXJyaWRl",
            "limit": "%2Fmin%2Fmodel%2Fproject",
            "metric": "generativelanguage.googleapis.com%2Fgenerate_requests_per_model",
            "name": "Cg1RdW90YU92ZXJyaWRl",
            "override_value": "10",
            "project": "sample-firebase-ai-app-9e3ac",
            "service": "generativelanguage.googleapis.com",
            "timeouts": null
          },
          "sensitive_attributes": [],
          "private": "eyJlMmJmYjczMC1lY2FhLTExZTYtOGY4OC0zNDM2M2JjN2M0YzAiOnsiY3JlYXRlIjoxMjAwMDAwMDAwMDAwLCJkZWxldGUiOjEyMDAwMDAwMDAwMDAsInVwZGF0ZSI6MTIwMDAwMDAwMDAwMH19",
          "dependencies": [
            "google_project_service.services"
          ]
        }
      ]
    },
    {
      "mode": "managed",
      "type": "local_file",
      "name": "environment_ts",
      "provider": "provider[\"registry.terraform.io/hashicorp/local\"]",
      "instances": [
        {
          "schema_version": 0,
          "attributes": {
            "content": "export const environment = {\n  firebase: {\n      apiKey: 'AIzaSyB35Npm6Ipdw9EEyvevcaQikolEb_je4bA',\n      authDomain: 'sample-firebase-ai-app-9e3ac.firebaseapp.com',\n      databaseURL: '',\n      projectId: 'sample-firebase-ai-app-9e3ac',\n      storageBucket: 'sample-firebase-ai-app-9e3ac.appspot.com',\n      messagingSenderId: '727390682086',\n      appId: '1:727390682086:web:1c2821d5cc497afb6cf427',\n      measurementId: '',\n  },\n  gemini_api_key: 'AIzaSyBtl1xew9RJEFubCdAjGA2L_8uJDI-uFOc',\n  debug_token: ''\n};",
            "content_base64": null,
            "content_base64sha256": "W8PTpf8+lGSg0MJGwMiliDkbK1jD0aU8dv12sYu6M0Q=",
            "content_base64sha512": "wHRT7joa9pEFzOLPmTwrHloL/RhfBXpPfKAeOW45StWwfvtn/sqfQ+qxIilgFKDoD0qZTm/O7Mjq/Pby8GmGkA==",
            "content_md5": "57af0ee66bab5e1228c120c99a81d10e",
            "content_sha1": "d904c9de8b0f3e0aaae1e79d6140715d503759bd",
            "content_sha256": "5bc3d3a5ff3e9464a0d0c246c0c8a588391b2b58c3d1a53c76fd76b18bba3344",
            "content_sha512": "c07453ee3a1af69105cce2cf993c2b1e5a0bfd185f057a4f7ca01e396e394ad5b07efb67feca9f43eab122296014a0e80f4a994e6fceecc8eafcf6f2f0698690",
            "directory_permission": "0777",
            "file_permission": "0777",
            "filename": "./src/environments/environments.ts",
            "id": "d904c9de8b0f3e0aaae1e79d6140715d503759bd",
            "sensitive_content": null,
            "source": null
          },
          "sensitive_attributes": [
            [
              {
                "type": "get_attr",
                "value": "content"
              }
            ]
          ],
          "dependencies": [
            "data.google_firebase_web_app_config.example",
            "data.google_project.project",
            "google_apikeys_key.generativelanguage",
            "google_firebase_web_app.example",
            "google_project_service.services"
          ]
        }
      ]
    },
    {
      "mode": "managed",
      "type": "local_file",
      "name": "firebaserc",
      "provider": "provider[\"registry.terraform.io/hashicorp/local\"]",
      "instances": [
        {
          "schema_version": 0,
          "attributes": {
            "content": "{\"projects\":{\"default\":\"sample-firebase-ai-app-9e3ac\"}}",
            "content_base64": null,
            "content_base64sha256": "oT8WaNgCOHjBHfJf+acbhYcyu0QAOe974bqATAehDf8=",
            "content_base64sha512": "zVhJv9emn0AC2Nf992/Pc0oca2nTlUI0r3ksTvbrxweIOdu6wOVtE1uBmIxhPeso/7XUmowTHYTzXgCzcmx6zA==",
            "content_md5": "4d066fe735f5807df199a1affe5d201f",
            "content_sha1": "95041ae2ade9345dba679e19da6b984b234f9528",
            "content_sha256": "a13f1668d8023878c11df25ff9a71b858732bb440039ef7be1ba804c07a10dff",
            "content_sha512": "cd5849bfd7a69f4002d8d7fdf76fcf734a1c6b69d3954234af792c4ef6ebc7078839dbbac0e56d135b81988c613deb28ffb5d49a8c131d84f35e00b3726c7acc",
            "directory_permission": "0777",
            "file_permission": "0777",
            "filename": "./.firebaserc",
            "id": "95041ae2ade9345dba679e19da6b984b234f9528",
            "sensitive_content": null,
            "source": null
          },
          "sensitive_attributes": []
        }
      ]
    },
    {
      "mode": "managed",
      "type": "local_file",
      "name": "firestore_rules",
      "provider": "provider[\"registry.terraform.io/hashicorp/local\"]",
      "instances": [
        {
          "schema_version": 0,
          "attributes": {
            "content": "service cloud.firestore {\n  match /databases/{database}/documents/{document=**} {\n    allow read, write: if request.auth != null \u0026\u0026 request.time \u003c timestamp.date(2024, 11, 25);\n  }\n}\n",
            "content_base64": null,
            "content_base64sha256": "g3rJq/HW4jmhD120PLr3TO8J8xkqQ6WGz/5KMrDTZb0=",
            "content_base64sha512": "gFZCm5U7vY5FUbAB/WK7Ehp/2eKT2/h1UeGgcEANjCK0c9H9Pd7yti5jV3nwJ1SqM1/InFganpcdTuxUSjXdJw==",
            "content_md5": "a2ed7df827c80cf3ff55d685fa213a54",
            "content_sha1": "db290fb25e78d1949ba416d14b3aff54e6a697dd",
            "content_sha256": "837ac9abf1d6e239a10f5db43cbaf74cef09f3192a43a586cffe4a32b0d365bd",
            "content_sha512": "8056429b953bbd8e4551b001fd62bb121a7fd9e293dbf87551e1a070400d8c22b473d1fd3ddef2b62e635779f02754aa335fc89c581a9e971d4eec544a35dd27",
            "directory_permission": "0777",
            "file_permission": "0777",
            "filename": "./firestore.rules",
            "id": "db290fb25e78d1949ba416d14b3aff54e6a697dd",
            "sensitive_content": null,
            "source": null
          },
          "sensitive_attributes": []
        }
      ]
    }
  ],
  "check_results": null
}
